<?xml version="1.0" encoding="utf-8"?>
<Project ToolsVersion="4.0" xmlns="http://schemas.microsoft.com/developer/msbuild/2003">
  <ItemGroup>
    <Filter Include="Source Files">
      <UniqueIdentifier>{c38ae9db-d198-417a-91cf-ad67bd7c7943}</UniqueIdentifier>
    </Filter>
    <Filter Include="Header Files">
      <UniqueIdentifier>{8822920e-83b5-41b7-a2c6-c68d4e719a3f}</UniqueIdentifier>
    </Filter>
  </ItemGroup>
  <ItemGroup>
    <CudaCompile Include="GpuInfo.cu">
      <Filter>Source Files</Filter>
    </CudaCompile>
  </ItemGroup>
  <ItemGroup>
    <ClCompile Include="OthelloLevelBlaster.cpp">
      <Filter>Source Files</Filter>
    </ClCompile>
    <ClCompile Include="GetMachineInfo.cpp">
      <Filter>Source Files</Filter>
    </ClCompile>
    <ClCompile Include="InitSolver.cpp">
      <Filter>Source Files</Filter>
    </ClCompile>
    <ClCompile Include="InitLogger.cpp">
      <Filter>Source Files</Filter>
    </ClCompile>
    <ClCompile Include="BlasterFile.cpp">
      <Filter>Source Files</Filter>
    </ClCompile>
    <ClCompile Include="CreateSeedFile.cpp">
      <Filter>Source Files</Filter>
    </ClCompile>
    <ClCompile Include="LevelSolverThread.cpp">
      <Filter>Source Files</Filter>
    </ClCompile>
    <ClCompile Include="SortAndDedup.cpp">
      <Filter>Source Files</Filter>
    </ClCompile>
    <ClCompile Include="StatsListener.cpp">
      <Filter>Source Files</Filter>
    </ClCompile>
  </ItemGroup>
  <ItemGroup>
    <ClInclude Include="GpuInfo.h">
      <Filter>Header Files</Filter>
    </ClInclude>
    <ClInclude Include="GetMachineInfo.h">
      <Filter>Header Files</Filter>
    </ClInclude>
    <ClInclude Include="InitLogger.h">
      <Filter>Header Files</Filter>
    </ClInclude>
    <ClInclude Include="InitSolver.h">
      <Filter>Header Files</Filter>
    </ClInclude>
    <ClInclude Include="OthelloTypes.h">
      <Filter>Header Files</Filter>
    </ClInclude>
    <ClInclude Include="BlasterFile.h">
      <Filter>Header Files</Filter>
    </ClInclude>
    <ClInclude Include="CreateSeedFile.h">
      <Filter>Header Files</Filter>
    </ClInclude>
    <ClInclude Include="LevelSolverThread.h">
      <Filter>Header Files</Filter>
    </ClInclude>
    <ClInclude Include="SortAndDedup.h">
      <Filter>Header Files</Filter>
    </ClInclude>
    <ClInclude Include="StatsListener.h">
      <Filter>Header Files</Filter>
    </ClInclude>
  </ItemGroup>
</Project>